
Microsoft Visual Studio Solution File, Format Version 12.00
# Visual Studio Version 16
VisualStudioVersion = 16.0.30717.126
MinimumVisualStudioVersion = 10.0.40219.1
Project("{FAE04EC0-301F-11D3-BF4B-00C04F79EFBC}") = "square", "square.csproj", "{FDD279AB-AED7-4FE8-B789-2DAE20073434}"
EndProject
Global
	GlobalSection(SolutionConfigurationPlatforms) = preSolution
		Debug|Any CPU = Debug|Any CPU
		Release|Any CPU = Release|Any CPU
	EndGlobalSection
	GlobalSection(ProjectConfigurationPlatforms) = postSolution
		{FDD279AB-AED7-4FE8-B789-2DAE20073434}.Debug|Any CPU.ActiveCfg = Debug|Any CPU
		{FDD279AB-AED7-4FE8-B789-2DAE20073434}.Debug|Any CPU.Build.0 = Debug|Any CPU
		{FDD279AB-AED7-4FE8-B789-2DAE20073434}.Release|Any CPU.ActiveCfg = Release|Any CPU
		{FDD279AB-AED7-4FE8-B789-2DAE20073434}.Release|Any CPU.Build.0 = Release|Any CPU
	EndGlobalSection
	GlobalSection(SolutionProperties) = preSolution
		HideSolutionNode = FALSE
	EndGlobalSection
	GlobalSection(ExtensibilityGlobals) = postSolution
		SolutionGuid = {CE6DA33D-7D40-408F-B72E-0D615A3D64F7}
	EndGlobalSection
EndGlobal
